// !$*UTF8*$!
{
	archiveVersion = 1;
	classes = {
	};
	objectVersion = 56;
	objects = {

/* Begin PBXBuildFile section */
		BD707FF1A500D04B8F6F6D9A /* Pods_TestTask.framework in Frameworks */ = {isa = PBXBuildFile; fileRef = 6D79477075E746090672C69D /* Pods_TestTask.framework */; };
		FC8AEFC22B2E519200B398A7 /* AppDelegate.swift in Sources */ = {isa = PBXBuildFile; fileRef = FC8AEFC12B2E519200B398A7 /* AppDelegate.swift */; };
		FC8AEFC42B2E519200B398A7 /* SceneDelegate.swift in Sources */ = {isa = PBXBuildFile; fileRef = FC8AEFC32B2E519200B398A7 /* SceneDelegate.swift */; };
		FC8AEFC62B2E519200B398A7 /* PhotoListViewController.swift in Sources */ = {isa = PBXBuildFile; fileRef = FC8AEFC52B2E519200B398A7 /* PhotoListViewController.swift */; };
		FC8AEFCB2B2E519400B398A7 /* Assets.xcassets in Resources */ = {isa = PBXBuildFile; fileRef = FC8AEFCA2B2E519400B398A7 /* Assets.xcassets */; };
		FC8AEFCE2B2E519400B398A7 /* LaunchScreen.storyboard in Resources */ = {isa = PBXBuildFile; fileRef = FC8AEFCC2B2E519400B398A7 /* LaunchScreen.storyboard */; };
		FC8AEFD92B2E59A600B398A7 /* PhotoListPresenter.swift in Sources */ = {isa = PBXBuildFile; fileRef = FC8AEFD82B2E59A600B398A7 /* PhotoListPresenter.swift */; };
		FC8AEFDB2B2E5C2B00B398A7 /* PhotoTableViewCell.swift in Sources */ = {isa = PBXBuildFile; fileRef = FC8AEFDA2B2E5C2B00B398A7 /* PhotoTableViewCell.swift */; };
		FC8AEFDF2B2E620E00B398A7 /* UITableView+Extension.swift in Sources */ = {isa = PBXBuildFile; fileRef = FC8AEFDE2B2E620E00B398A7 /* UITableView+Extension.swift */; };
		FC9209292B2F711100A7DF53 /* APIRequestBody.swift in Sources */ = {isa = PBXBuildFile; fileRef = FC9209282B2F711100A7DF53 /* APIRequestBody.swift */; };
		FCF944182B2E709500334441 /* URLRequestBulder.swift in Sources */ = {isa = PBXBuildFile; fileRef = FCF944142B2E709500334441 /* URLRequestBulder.swift */; };
		FCF944192B2E709500334441 /* NetworkManager.swift in Sources */ = {isa = PBXBuildFile; fileRef = FCF944152B2E709500334441 /* NetworkManager.swift */; };
		FCF9441A2B2E709500334441 /* APIModel.swift in Sources */ = {isa = PBXBuildFile; fileRef = FCF944162B2E709500334441 /* APIModel.swift */; };
		FCF9441B2B2E709500334441 /* ResponseHandler .swift in Sources */ = {isa = PBXBuildFile; fileRef = FCF944172B2E709500334441 /* ResponseHandler .swift */; };
		FCF9441D2B2E780900334441 /* APIResponse .swift in Sources */ = {isa = PBXBuildFile; fileRef = FCF9441C2B2E780900334441 /* APIResponse .swift */; };
/* End PBXBuildFile section */

/* Begin PBXFileReference section */
		6D79477075E746090672C69D /* Pods_TestTask.framework */ = {isa = PBXFileReference; explicitFileType = wrapper.framework; includeInIndex = 0; path = Pods_TestTask.framework; sourceTree = BUILT_PRODUCTS_DIR; };
		8AE602FD0286333C8ADB5046 /* Pods-TestTask.debug.xcconfig */ = {isa = PBXFileReference; includeInIndex = 1; lastKnownFileType = text.xcconfig; name = "Pods-TestTask.debug.xcconfig"; path = "Target Support Files/Pods-TestTask/Pods-TestTask.debug.xcconfig"; sourceTree = "<group>"; };
		FC8AEFBE2B2E519200B398A7 /* TestTask.app */ = {isa = PBXFileReference; explicitFileType = wrapper.application; includeInIndex = 0; path = TestTask.app; sourceTree = BUILT_PRODUCTS_DIR; };
		FC8AEFC12B2E519200B398A7 /* AppDelegate.swift */ = {isa = PBXFileReference; lastKnownFileType = sourcecode.swift; path = AppDelegate.swift; sourceTree = "<group>"; };
		FC8AEFC32B2E519200B398A7 /* SceneDelegate.swift */ = {isa = PBXFileReference; lastKnownFileType = sourcecode.swift; path = SceneDelegate.swift; sourceTree = "<group>"; };
		FC8AEFC52B2E519200B398A7 /* PhotoListViewController.swift */ = {isa = PBXFileReference; lastKnownFileType = sourcecode.swift; path = PhotoListViewController.swift; sourceTree = "<group>"; };
		FC8AEFCA2B2E519400B398A7 /* Assets.xcassets */ = {isa = PBXFileReference; lastKnownFileType = folder.assetcatalog; path = Assets.xcassets; sourceTree = "<group>"; };
		FC8AEFCD2B2E519400B398A7 /* Base */ = {isa = PBXFileReference; lastKnownFileType = file.storyboard; name = Base; path = Base.lproj/LaunchScreen.storyboard; sourceTree = "<group>"; };
		FC8AEFCF2B2E519400B398A7 /* Info.plist */ = {isa = PBXFileReference; lastKnownFileType = text.plist.xml; path = Info.plist; sourceTree = "<group>"; };
		FC8AEFD82B2E59A600B398A7 /* PhotoListPresenter.swift */ = {isa = PBXFileReference; lastKnownFileType = sourcecode.swift; path = PhotoListPresenter.swift; sourceTree = "<group>"; };
		FC8AEFDA2B2E5C2B00B398A7 /* PhotoTableViewCell.swift */ = {isa = PBXFileReference; lastKnownFileType = sourcecode.swift; path = PhotoTableViewCell.swift; sourceTree = "<group>"; };
		FC8AEFDE2B2E620E00B398A7 /* UITableView+Extension.swift */ = {isa = PBXFileReference; lastKnownFileType = sourcecode.swift; path = "UITableView+Extension.swift"; sourceTree = "<group>"; };
		FC9209282B2F711100A7DF53 /* APIRequestBody.swift */ = {isa = PBXFileReference; lastKnownFileType = sourcecode.swift; path = APIRequestBody.swift; sourceTree = "<group>"; };
		FCF944142B2E709500334441 /* URLRequestBulder.swift */ = {isa = PBXFileReference; fileEncoding = 4; lastKnownFileType = sourcecode.swift; path = URLRequestBulder.swift; sourceTree = "<group>"; };
		FCF944152B2E709500334441 /* NetworkManager.swift */ = {isa = PBXFileReference; fileEncoding = 4; lastKnownFileType = sourcecode.swift; path = NetworkManager.swift; sourceTree = "<group>"; };
		FCF944162B2E709500334441 /* APIModel.swift */ = {isa = PBXFileReference; fileEncoding = 4; lastKnownFileType = sourcecode.swift; path = APIModel.swift; sourceTree = "<group>"; };
		FCF944172B2E709500334441 /* ResponseHandler .swift */ = {isa = PBXFileReference; fileEncoding = 4; lastKnownFileType = sourcecode.swift; path = "ResponseHandler .swift"; sourceTree = "<group>"; };
		FCF9441C2B2E780900334441 /* APIResponse .swift */ = {isa = PBXFileReference; lastKnownFileType = sourcecode.swift; path = "APIResponse .swift"; sourceTree = "<group>"; };
		FD704AF1AC5134A2ED67EFF8 /* Pods-TestTask.release.xcconfig */ = {isa = PBXFileReference; includeInIndex = 1; lastKnownFileType = text.xcconfig; name = "Pods-TestTask.release.xcconfig"; path = "Target Support Files/Pods-TestTask/Pods-TestTask.release.xcconfig"; sourceTree = "<group>"; };
/* End PBXFileReference section */

/* Begin PBXFrameworksBuildPhase section */
		FC8AEFBB2B2E519200B398A7 /* Frameworks */ = {
			isa = PBXFrameworksBuildPhase;
			buildActionMask = 2147483647;
			files = (
				BD707FF1A500D04B8F6F6D9A /* Pods_TestTask.framework in Frameworks */,
			);
			runOnlyForDeploymentPostprocessing = 0;
		};
/* End PBXFrameworksBuildPhase section */

/* Begin PBXGroup section */
		88E09EE0B0EF1546599A933A /* Frameworks */ = {
			isa = PBXGroup;
			children = (
				6D79477075E746090672C69D /* Pods_TestTask.framework */,
			);
			name = Frameworks;
			sourceTree = "<group>";
		};
		9FE9C069408398B899076AAA /* Pods */ = {
			isa = PBXGroup;
			children = (
				8AE602FD0286333C8ADB5046 /* Pods-TestTask.debug.xcconfig */,
				FD704AF1AC5134A2ED67EFF8 /* Pods-TestTask.release.xcconfig */,
			);
			path = Pods;
			sourceTree = "<group>";
		};
		FC8AEFB52B2E519200B398A7 = {
			isa = PBXGroup;
			children = (
				FC8AEFC02B2E519200B398A7 /* TestTask */,
				FC8AEFBF2B2E519200B398A7 /* Products */,
				9FE9C069408398B899076AAA /* Pods */,
				88E09EE0B0EF1546599A933A /* Frameworks */,
			);
			sourceTree = "<group>";
		};
		FC8AEFBF2B2E519200B398A7 /* Products */ = {
			isa = PBXGroup;
			children = (
				FC8AEFBE2B2E519200B398A7 /* TestTask.app */,
			);
			name = Products;
			sourceTree = "<group>";
		};
		FC8AEFC02B2E519200B398A7 /* TestTask */ = {
			isa = PBXGroup;
			children = (
				FCF944132B2E707700334441 /* NetworkLayer */,
				FC8AEFD62B2E596000B398A7 /* Screens */,
				FC8AEFD52B2E595200B398A7 /* Models */,
				FC8AEFDC2B2E61D200B398A7 /* Other */,
				FC8AEFCA2B2E519400B398A7 /* Assets.xcassets */,
				FC8AEFCC2B2E519400B398A7 /* LaunchScreen.storyboard */,
				FC8AEFCF2B2E519400B398A7 /* Info.plist */,
			);
			path = TestTask;
			sourceTree = "<group>";
		};
		FC8AEFD52B2E595200B398A7 /* Models */ = {
			isa = PBXGroup;
			children = (
				FCF9441C2B2E780900334441 /* APIResponse .swift */,
				FC9209282B2F711100A7DF53 /* APIRequestBody.swift */,
			);
			path = Models;
			sourceTree = "<group>";
		};
		FC8AEFD62B2E596000B398A7 /* Screens */ = {
			isa = PBXGroup;
			children = (
				FC8AEFD72B2E596800B398A7 /* List */,
			);
			path = Screens;
			sourceTree = "<group>";
		};
		FC8AEFD72B2E596800B398A7 /* List */ = {
			isa = PBXGroup;
			children = (
				FC8AEFC52B2E519200B398A7 /* PhotoListViewController.swift */,
				FC8AEFD82B2E59A600B398A7 /* PhotoListPresenter.swift */,
				FC8AEFDA2B2E5C2B00B398A7 /* PhotoTableViewCell.swift */,
			);
			path = List;
			sourceTree = "<group>";
		};
		FC8AEFDC2B2E61D200B398A7 /* Other */ = {
			isa = PBXGroup;
			children = (
				FC8AEFDD2B2E61DF00B398A7 /* Extensions */,
				FC8AEFC32B2E519200B398A7 /* SceneDelegate.swift */,
				FC8AEFC12B2E519200B398A7 /* AppDelegate.swift */,
			);
			path = Other;
			sourceTree = "<group>";
		};
		FC8AEFDD2B2E61DF00B398A7 /* Extensions */ = {
			isa = PBXGroup;
			children = (
				FC8AEFDE2B2E620E00B398A7 /* UITableView+Extension.swift */,
			);
			path = Extensions;
			sourceTree = "<group>";
		};
		FCF944132B2E707700334441 /* NetworkLayer */ = {
			isa = PBXGroup;
			children = (
				FCF944162B2E709500334441 /* APIModel.swift */,
				FCF944152B2E709500334441 /* NetworkManager.swift */,
				FCF944172B2E709500334441 /* ResponseHandler .swift */,
				FCF944142B2E709500334441 /* URLRequestBulder.swift */,
			);
			path = NetworkLayer;
			sourceTree = "<group>";
		};
/* End PBXGroup section */

/* Begin PBXNativeTarget section */
		FC8AEFBD2B2E519200B398A7 /* TestTask */ = {
			isa = PBXNativeTarget;
			buildConfigurationList = FC8AEFD22B2E519400B398A7 /* Build configuration list for PBXNativeTarget "TestTask" */;
			buildPhases = (
				951D31843DD6F04F26BE1F22 /* [CP] Check Pods Manifest.lock */,
				FC8AEFBA2B2E519200B398A7 /* Sources */,
				FC8AEFBB2B2E519200B398A7 /* Frameworks */,
				FC8AEFBC2B2E519200B398A7 /* Resources */,
				2B6178CCB5BF154FBE6DDB1D /* [CP] Embed Pods Frameworks */,
			);
			buildRules = (
			);
			dependencies = (
			);
			name = TestTask;
			productName = TestTask;
			productReference = FC8AEFBE2B2E519200B398A7 /* TestTask.app */;
			productType = "com.apple.product-type.application";
		};
/* End PBXNativeTarget section */

/* Begin PBXProject section */
		FC8AEFB62B2E519200B398A7 /* Project object */ = {
			isa = PBXProject;
			attributes = {
				BuildIndependentTargetsInParallel = 1;
				LastSwiftUpdateCheck = 1510;
				LastUpgradeCheck = 1510;
				TargetAttributes = {
					FC8AEFBD2B2E519200B398A7 = {
						CreatedOnToolsVersion = 15.1;
					};
				};
			};
			buildConfigurationList = FC8AEFB92B2E519200B398A7 /* Build configuration list for PBXProject "TestTask" */;
			compatibilityVersion = "Xcode 14.0";
			developmentRegion = en;
			hasScannedForEncodings = 0;
			knownRegions = (
				en,
				Base,
			);
			mainGroup = FC8AEFB52B2E519200B398A7;
			productRefGroup = FC8AEFBF2B2E519200B398A7 /* Products */;
			projectDirPath = "";
			projectRoot = "";
			targets = (
				FC8AEFBD2B2E519200B398A7 /* TestTask */,
			);
		};
/* End PBXProject section */

/* Begin PBXResourcesBuildPhase section */
		FC8AEFBC2B2E519200B398A7 /* Resources */ = {
			isa = PBXResourcesBuildPhase;
			buildActionMask = 2147483647;
			files = (
				FC8AEFCE2B2E519400B398A7 /* LaunchScreen.storyboard in Resources */,
				FC8AEFCB2B2E519400B398A7 /* Assets.xcassets in Resources */,
			);
			runOnlyForDeploymentPostprocessing = 0;
		};
/* End PBXResourcesBuildPhase section */

/* Begin PBXShellScriptBuildPhase section */
		2B6178CCB5BF154FBE6DDB1D /* [CP] Embed Pods Frameworks */ = {
			isa = PBXShellScriptBuildPhase;
			buildActionMask = 2147483647;
			files = (
			);
			inputFileListPaths = (
				"${PODS_ROOT}/Target Support Files/Pods-TestTask/Pods-TestTask-frameworks-${CONFIGURATION}-input-files.xcfilelist",
			);
			name = "[CP] Embed Pods Frameworks";
			outputFileListPaths = (
				"${PODS_ROOT}/Target Support Files/Pods-TestTask/Pods-TestTask-frameworks-${CONFIGURATION}-output-files.xcfilelist",
			);
			runOnlyForDeploymentPostprocessing = 0;
			shellPath = /bin/sh;
			shellScript = "\"${PODS_ROOT}/Target Support Files/Pods-TestTask/Pods-TestTask-frameworks.sh\"\n";
			showEnvVarsInLog = 0;
		};
		951D31843DD6F04F26BE1F22 /* [CP] Check Pods Manifest.lock */ = {
			isa = PBXShellScriptBuildPhase;
			buildActionMask = 2147483647;
			files = (
			);
			inputFileListPaths = (
			);
			inputPaths = (
				"${PODS_PODFILE_DIR_PATH}/Podfile.lock",
				"${PODS_ROOT}/Manifest.lock",
			);
			name = "[CP] Check Pods Manifest.lock";
			outputFileListPaths = (
			);
			outputPaths = (
				"$(DERIVED_FILE_DIR)/Pods-TestTask-checkManifestLockResult.txt",
			);
			runOnlyForDeploymentPostprocessing = 0;
			shellPath = /bin/sh;
			shellScript = "diff \"${PODS_PODFILE_DIR_PATH}/Podfile.lock\" \"${PODS_ROOT}/Manifest.lock\" > /dev/null\nif [ $? != 0 ] ; then\n    # print error to STDERR\n    echo \"error: The sandbox is not in sync with the Podfile.lock. Run 'pod install' or update your CocoaPods installation.\" >&2\n    exit 1\nfi\n# This output is used by Xcode 'outputs' to avoid re-running this script phase.\necho \"SUCCESS\" > \"${SCRIPT_OUTPUT_FILE_0}\"\n";
			showEnvVarsInLog = 0;
		};
/* End PBXShellScriptBuildPhase section */

/* Begin PBXSourcesBuildPhase section */
		FC8AEFBA2B2E519200B398A7 /* Sources */ = {
			isa = PBXSourcesBuildPhase;
			buildActionMask = 2147483647;
			files = (
				FC8AEFDB2B2E5C2B00B398A7 /* PhotoTableViewCell.swift in Sources */,
				FCF9441A2B2E709500334441 /* APIModel.swift in Sources */,
				FCF9441B2B2E709500334441 /* ResponseHandler .swift in Sources */,
				FC8AEFC62B2E519200B398A7 /* PhotoListViewController.swift in Sources */,
				FC9209292B2F711100A7DF53 /* APIRequestBody.swift in Sources */,
				FCF944182B2E709500334441 /* URLRequestBulder.swift in Sources */,
				FCF9441D2B2E780900334441 /* APIResponse .swift in Sources */,
				FC8AEFD92B2E59A600B398A7 /* PhotoListPresenter.swift in Sources */,
				FCF944192B2E709500334441 /* NetworkManager.swift in Sources */,
				FC8AEFC22B2E519200B398A7 /* AppDelegate.swift in Sources */,
				FC8AEFC42B2E519200B398A7 /* SceneDelegate.swift in Sources */,
				FC8AEFDF2B2E620E00B398A7 /* UITableView+Extension.swift in Sources */,
			);
			runOnlyForDeploymentPostprocessing = 0;
		};
/* End PBXSourcesBuildPhase section */

/* Begin PBXVariantGroup section */
		FC8AEFCC2B2E519400B398A7 /* LaunchScreen.storyboard */ = {
			isa = PBXVariantGroup;
			children = (
				FC8AEFCD2B2E519400B398A7 /* Base */,
			);
			name = LaunchScreen.storyboard;
			sourceTree = "<group>";
		};
/* End PBXVariantGroup section */

/* Begin XCBuildConfiguration section */
		FC8AEFD02B2E519400B398A7 /* Debug */ = {
			isa = XCBuildConfiguration;
			buildSettings = {
				ALWAYS_SEARCH_USER_PATHS = NO;
				ASSETCATALOG_COMPILER_GENERATE_SWIFT_ASSET_SYMBOL_EXTENSIONS = YES;
				CLANG_ANALYZER_NONNULL = YES;
				CLANG_ANALYZER_NUMBER_OBJECT_CONVERSION = YES_AGGRESSIVE;
				CLANG_CXX_LANGUAGE_STANDARD = "gnu++20";
				CLANG_ENABLE_MODULES = YES;
				CLANG_ENABLE_OBJC_ARC = YES;
				CLANG_ENABLE_OBJC_WEAK = YES;
				CLANG_WARN_BLOCK_CAPTURE_AUTORELEASING = YES;
				CLANG_WARN_BOOL_CONVERSION = YES;
				CLANG_WARN_COMMA = YES;
				CLANG_WARN_CONSTANT_CONVERSION = YES;
				CLANG_WARN_DEPRECATED_OBJC_IMPLEMENTATIONS = YES;
				CLANG_WARN_DIRECT_OBJC_ISA_USAGE = YES_ERROR;
				CLANG_WARN_DOCUMENTATION_COMMENTS = YES;
				CLANG_WARN_EMPTY_BODY = YES;
				CLANG_WARN_ENUM_CONVERSION = YES;
				CLANG_WARN_INFINITE_RECURSION = YES;
				CLANG_WARN_INT_CONVERSION = YES;
				CLANG_WARN_NON_LITERAL_NULL_CONVERSION = YES;
				CLANG_WARN_OBJC_IMPLICIT_RETAIN_SELF = YES;
				CLANG_WARN_OBJC_LITERAL_CONVERSION = YES;
				CLANG_WARN_OBJC_ROOT_CLASS = YES_ERROR;
				CLANG_WARN_QUOTED_INCLUDE_IN_FRAMEWORK_HEADER = YES;
				CLANG_WARN_RANGE_LOOP_ANALYSIS = YES;
				CLANG_WARN_STRICT_PROTOTYPES = YES;
				CLANG_WARN_SUSPICIOUS_MOVE = YES;
				CLANG_WARN_UNGUARDED_AVAILABILITY = YES_AGGRESSIVE;
				CLANG_WARN_UNREACHABLE_CODE = YES;
				CLANG_WARN__DUPLICATE_METHOD_MATCH = YES;
				COPY_PHASE_STRIP = NO;
				DEBUG_INFORMATION_FORMAT = dwarf;
				ENABLE_STRICT_OBJC_MSGSEND = YES;
				ENABLE_TESTABILITY = YES;
				ENABLE_USER_SCRIPT_SANDBOXING = YES;
				GCC_C_LANGUAGE_STANDARD = gnu17;
				GCC_DYNAMIC_NO_PIC = NO;
				GCC_NO_COMMON_BLOCKS = YES;
				GCC_OPTIMIZATION_LEVEL = 0;
				GCC_PREPROCESSOR_DEFINITIONS = (
					"DEBUG=1",
					"$(inherited)",
				);
				GCC_WARN_64_TO_32_BIT_CONVERSION = YES;
				GCC_WARN_ABOUT_RETURN_TYPE = YES_ERROR;
				GCC_WARN_UNDECLARED_SELECTOR = YES;
				GCC_WARN_UNINITIALIZED_AUTOS = YES_AGGRESSIVE;
				GCC_WARN_UNUSED_FUNCTION = YES;
				GCC_WARN_UNUSED_VARIABLE = YES;
				IPHONEOS_DEPLOYMENT_TARGET = 16.5;
				LOCALIZATION_PREFERS_STRING_CATALOGS = YES;
				MTL_ENABLE_DEBUG_INFO = INCLUDE_SOURCE;
				MTL_FAST_MATH = YES;
				ONLY_ACTIVE_ARCH = YES;
				SDKROOT = iphoneos;
				SWIFT_ACTIVE_COMPILATION_CONDITIONS = "DEBUG $(inherited)";
				SWIFT_OPTIMIZATION_LEVEL = "-Onone";
			};
			name = Debug;
		};
		FC8AEFD12B2E519400B398A7 /* Release */ = {
			isa = XCBuildConfiguration;
			buildSettings = {
				ALWAYS_SEARCH_USER_PATHS = NO;
				ASSETCATALOG_COMPILER_GENERATE_SWIFT_ASSET_SYMBOL_EXTENSIONS = YES;
				CLANG_ANALYZER_NONNULL = YES;
				CLANG_ANALYZER_NUMBER_OBJECT_CONVERSION = YES_AGGRESSIVE;
				CLANG_CXX_LANGUAGE_STANDARD = "gnu++20";
				CLANG_ENABLE_MODULES = YES;
				CLANG_ENABLE_OBJC_ARC = YES;
				CLANG_ENABLE_OBJC_WEAK = YES;
				CLANG_WARN_BLOCK_CAPTURE_AUTORELEASING = YES;
				CLANG_WARN_BOOL_CONVERSION = YES;
				CLANG_WARN_COMMA = YES;
				CLANG_WARN_CONSTANT_CONVERSION = YES;
				CLANG_WARN_DEPRECATED_OBJC_IMPLEMENTATIONS = YES;
				CLANG_WARN_DIRECT_OBJC_ISA_USAGE = YES_ERROR;
				CLANG_WARN_DOCUMENTATION_COMMENTS = YES;
				CLANG_WARN_EMPTY_BODY = YES;
				CLANG_WARN_ENUM_CONVERSION = YES;
				CLANG_WARN_INFINITE_RECURSION = YES;
				CLANG_WARN_INT_CONVERSION = YES;
				CLANG_WARN_NON_LITERAL_NULL_CONVERSION = YES;
				CLANG_WARN_OBJC_IMPLICIT_RETAIN_SELF = YES;
				CLANG_WARN_OBJC_LITERAL_CONVERSION = YES;
				CLANG_WARN_OBJC_ROOT_CLASS = YES_ERROR;
				CLANG_WARN_QUOTED_INCLUDE_IN_FRAMEWORK_HEADER = YES;
				CLANG_WARN_RANGE_LOOP_ANALYSIS = YES;
				CLANG_WARN_STRICT_PROTOTYPES = YES;
				CLANG_WARN_SUSPICIOUS_MOVE = YES;
				CLANG_WARN_UNGUARDED_AVAILABILITY = YES_AGGRESSIVE;
				CLANG_WARN_UNREACHABLE_CODE = YES;
				CLANG_WARN__DUPLICATE_METHOD_MATCH = YES;
				COPY_PHASE_STRIP = NO;
				DEBUG_INFORMATION_FORMAT = "dwarf-with-dsym";
				ENABLE_NS_ASSERTIONS = NO;
				ENABLE_STRICT_OBJC_MSGSEND = YES;
				ENABLE_USER_SCRIPT_SANDBOXING = YES;
				GCC_C_LANGUAGE_STANDARD = gnu17;
				GCC_NO_COMMON_BLOCKS = YES;
				GCC_WARN_64_TO_32_BIT_CONVERSION = YES;
				GCC_WARN_ABOUT_RETURN_TYPE = YES_ERROR;
				GCC_WARN_UNDECLARED_SELECTOR = YES;
				GCC_WARN_UNINITIALIZED_AUTOS = YES_AGGRESSIVE;
				GCC_WARN_UNUSED_FUNCTION = YES;
				GCC_WARN_UNUSED_VARIABLE = YES;
				IPHONEOS_DEPLOYMENT_TARGET = 16.5;
				LOCALIZATION_PREFERS_STRING_CATALOGS = YES;
				MTL_ENABLE_DEBUG_INFO = NO;
				MTL_FAST_MATH = YES;
				SDKROOT = iphoneos;
				SWIFT_COMPILATION_MODE = wholemodule;
				VALIDATE_PRODUCT = YES;
			};
			name = Release;
		};
		FC8AEFD32B2E519400B398A7 /* Debug */ = {
			isa = XCBuildConfiguration;
			baseConfigurationReference = 8AE602FD0286333C8ADB5046 /* Pods-TestTask.debug.xcconfig */;
			buildSettings = {
				ASSETCATALOG_COMPILER_APPICON_NAME = AppIcon;
				ASSETCATALOG_COMPILER_GLOBAL_ACCENT_COLOR_NAME = AccentColor;
				CODE_SIGN_STYLE = Automatic;
				CURRENT_PROJECT_VERSION = 1;
				DEVELOPMENT_TEAM = 8322522RX9;
				ENABLE_USER_SCRIPT_SANDBOXING = NO;
				GENERATE_INFOPLIST_FILE = YES;
				INFOPLIST_FILE = TestTask/Info.plist;
				INFOPLIST_KEY_UIApplicationSupportsIndirectInputEvents = YES;
				INFOPLIST_KEY_UILaunchStoryboardName = LaunchScreen;
				INFOPLIST_KEY_UISupportedInterfaceOrientations_iPad = "UIInterfaceOrientationPortrait UIInterfaceOrientationPortraitUpsideDown UIInterfaceOrientationLandscapeLeft UIInterfaceOrientationLandscapeRight";
				INFOPLIST_KEY_UISupportedInterfaceOrientations_iPhone = "UIInterfaceOrientationPortrait UIInterfaceOrientationLandscapeLeft UIInterfaceOrientationLandscapeRight";
				IPHONEOS_DEPLOYMENT_TARGET = 16.5;
				LD_RUNPATH_SEARCH_PATHS = (
					"$(inherited)",
					"@executable_path/Frameworks",
				);
				MARKETING_VERSION = 1.0;
				PRODUCT_BUNDLE_IDENTIFIER = com.gleb.TestTask;
				PRODUCT_NAME = "$(TARGET_NAME)";
				SWIFT_EMIT_LOC_STRINGS = YES;
				SWIFT_VERSION = 5.0;
				TARGETED_DEVICE_FAMILY = "1,2";
			};
			name = Debug;
		};
		FC8AEFD42B2E519400B398A7 /* Release */ = {
			isa = XCBuildConfiguration;
			baseConfigurationReference = FD704AF1AC5134A2ED67EFF8 /* Pods-TestTask.release.xcconfig */;
			buildSettings = {
				ASSETCATALOG_COMPILER_APPICON_NAME = AppIcon;
				ASSETCATALOG_COMPILER_GLOBAL_ACCENT_COLOR_NAME = AccentColor;
				CODE_SIGN_STYLE = Automatic;
				CURRENT_PROJECT_VERSION = 1;
				DEVELOPMENT_TEAM = 8322522RX9;
				ENABLE_USER_SCRIPT_SANDBOXING = NO;
				GENERATE_INFOPLIST_FILE = YES;
				INFOPLIST_FILE = TestTask/Info.plist;
				INFOPLIST_KEY_UIApplicationSupportsIndirectInputEvents = YES;
				INFOPLIST_KEY_UILaunchStoryboardName = LaunchScreen;
				INFOPLIST_KEY_UISupportedInterfaceOrientations_iPad = "UIInterfaceOrientationPortrait UIInterfaceOrientationPortraitUpsideDown UIInterfaceOrientationLandscapeLeft UIInterfaceOrientationLandscapeRight";
				INFOPLIST_KEY_UISupportedInterfaceOrientations_iPhone = "UIInterfaceOrientationPortrait UIInterfaceOrientationLandscapeLeft UIInterfaceOrientationLandscapeRight";
				IPHONEOS_DEPLOYMENT_TARGET = 16.5;
				LD_RUNPATH_SEARCH_PATHS = (
					"$(inherited)",
					"@executable_path/Frameworks",
				);
				MARKETING_VERSION = 1.0;
				PRODUCT_BUNDLE_IDENTIFIER = com.gleb.TestTask;
				PRODUCT_NAME = "$(TARGET_NAME)";
				SWIFT_EMIT_LOC_STRINGS = YES;
				SWIFT_VERSION = 5.0;
				TARGETED_DEVICE_FAMILY = "1,2";
			};
			name = Release;
		};
/* End XCBuildConfiguration section */

/* Begin XCConfigurationList section */
		FC8AEFB92B2E519200B398A7 /* Build configuration list for PBXProject "TestTask" */ = {
			isa = XCConfigurationList;
			buildConfigurations = (
				FC8AEFD02B2E519400B398A7 /* Debug */,
				FC8AEFD12B2E519400B398A7 /* Release */,
			);
			defaultConfigurationIsVisible = 0;
			defaultConfigurationName = Release;
		};
		FC8AEFD22B2E519400B398A7 /* Build configuration list for PBXNativeTarget "TestTask" */ = {
			isa = XCConfigurationList;
			buildConfigurations = (
				FC8AEFD32B2E519400B398A7 /* Debug */,
				FC8AEFD42B2E519400B398A7 /* Release */,
			);
			defaultConfigurationIsVisible = 0;
			defaultConfigurationName = Release;
		};
/* End XCConfigurationList section */
	};
	rootObject = FC8AEFB62B2E519200B398A7 /* Project object */;
}
